
Microsoft Visual Studio Solution File, Format Version 11.00
# Visual Studio 2010
Project("{FAE04EC0-301F-11D3-BF4B-00C04F79EFBC}") = "ConsoleApplication28", "ConsoleApplication28\ConsoleApplication28.csproj", "{3F638B96-D555-41E0-BFD3-E1830AFD82CA}"
EndProject
Global
	GlobalSection(SolutionConfigurationPlatforms) = preSolution
		Debug|x86 = Debug|x86
		Release|x86 = Release|x86
	EndGlobalSection
	GlobalSection(ProjectConfigurationPlatforms) = postSolution
		{3F638B96-D555-41E0-BFD3-E1830AFD82CA}.Debug|x86.ActiveCfg = Debug|x86
		{3F638B96-D555-41E0-BFD3-E1830AFD82CA}.Debug|x86.Build.0 = Debug|x86
		{3F638B96-D555-41E0-BFD3-E1830AFD82CA}.Release|x86.ActiveCfg = Release|x86
		{3F638B96-D555-41E0-BFD3-E1830AFD82CA}.Release|x86.Build.0 = Release|x86
	EndGlobalSection
	GlobalSection(SolutionProperties) = preSolution
		HideSolutionNode = FALSE
	EndGlobalSection
EndGlobal
